
Microsoft Visual Studio Solution File, Format Version 12.00
# Visual Studio Version 17
VisualStudioVersion = 17.9.34728.123
MinimumVisualStudioVersion = 10.0.40219.1
Project("{9A19103F-16F7-4668-BE54-9A1E7A4F7556}") = "apiDragons", "apiDragons.csproj", "{9B16C9AD-198C-47F1-B68B-9F4AFF93905D}"
EndProject
Project("{FAE04EC0-301F-11D3-BF4B-00C04F79EFBC}") = "Animals", "..\automation\Animals\C#\Animals\Animals.csproj", "{D4ABD290-9FB9-40E7-A0B4-45E402848AB7}"
EndProject
Global
	GlobalSection(SolutionConfigurationPlatforms) = preSolution
		Debug|Any CPU = Debug|Any CPU
		Release|Any CPU = Release|Any CPU
	EndGlobalSection
	GlobalSection(ProjectConfigurationPlatforms) = postSolution
		{9B16C9AD-198C-47F1-B68B-9F4AFF93905D}.Debug|Any CPU.ActiveCfg = Debug|Any CPU
		{9B16C9AD-198C-47F1-B68B-9F4AFF93905D}.Debug|Any CPU.Build.0 = Debug|Any CPU
		{9B16C9AD-198C-47F1-B68B-9F4AFF93905D}.Release|Any CPU.ActiveCfg = Release|Any CPU
		{9B16C9AD-198C-47F1-B68B-9F4AFF93905D}.Release|Any CPU.Build.0 = Release|Any CPU
		{D4ABD290-9FB9-40E7-A0B4-45E402848AB7}.Debug|Any CPU.ActiveCfg = Debug|Any CPU
		{D4ABD290-9FB9-40E7-A0B4-45E402848AB7}.Debug|Any CPU.Build.0 = Debug|Any CPU
		{D4ABD290-9FB9-40E7-A0B4-45E402848AB7}.Release|Any CPU.ActiveCfg = Release|Any CPU
		{D4ABD290-9FB9-40E7-A0B4-45E402848AB7}.Release|Any CPU.Build.0 = Release|Any CPU
	EndGlobalSection
	GlobalSection(SolutionProperties) = preSolution
		HideSolutionNode = FALSE
	EndGlobalSection
	GlobalSection(ExtensibilityGlobals) = postSolution
		SolutionGuid = {36952003-AB95-4D4F-90CA-19EF290F0DAF}
	EndGlobalSection
EndGlobal
